// !$*UTF8*$!
{
	archiveVersion = 1;
	classes = {
	};
	objectVersion = 56;
	objects = {

/* Begin PBXBuildFile section */
		B50E697029BD23B200E61C98 /* KomranFitBodApp.swift in Sources */ = {isa = PBXBuildFile; fileRef = B50E696F29BD23B200E61C98 /* KomranFitBodApp.swift */; };
		B50E697229BD23B200E61C98 /* ContentView.swift in Sources */ = {isa = PBXBuildFile; fileRef = B50E697129BD23B200E61C98 /* ContentView.swift */; };
		B50E697429BD23B200E61C98 /* Assets.xcassets in Resources */ = {isa = PBXBuildFile; fileRef = B50E697329BD23B200E61C98 /* Assets.xcassets */; };
		B50E697829BD23B200E61C98 /* Preview Assets.xcassets in Resources */ = {isa = PBXBuildFile; fileRef = B50E697729BD23B200E61C98 /* Preview Assets.xcassets */; };
		B50E698229BD23B200E61C98 /* KomranFitBodTests.swift in Sources */ = {isa = PBXBuildFile; fileRef = B50E698129BD23B200E61C98 /* KomranFitBodTests.swift */; };
		B50E698C29BD23B200E61C98 /* KomranFitBodUITests.swift in Sources */ = {isa = PBXBuildFile; fileRef = B50E698B29BD23B200E61C98 /* KomranFitBodUITests.swift */; };
		B50E698E29BD23B200E61C98 /* KomranFitBodUITestsLaunchTests.swift in Sources */ = {isa = PBXBuildFile; fileRef = B50E698D29BD23B200E61C98 /* KomranFitBodUITestsLaunchTests.swift */; };
		B50E699B29BE5B8500E61C98 /* CSVParser.swift in Sources */ = {isa = PBXBuildFile; fileRef = B50E699A29BE5B8500E61C98 /* CSVParser.swift */; };
		B50E699D29BE6D7D00E61C98 /* workoutData.txt in Resources */ = {isa = PBXBuildFile; fileRef = B50E699C29BE6D7D00E61C98 /* workoutData.txt */; };
		B53DD27729CD0DBD00B671E2 /* Calendar+Helpers.swift in Sources */ = {isa = PBXBuildFile; fileRef = B53DD27629CD0DBD00B671E2 /* Calendar+Helpers.swift */; };
		B53DD27929CD135800B671E2 /* WeightUnit.swift in Sources */ = {isa = PBXBuildFile; fileRef = B53DD27829CD135800B671E2 /* WeightUnit.swift */; };
		B53DD27C29CD148D00B671E2 /* ContentViewModel.swift in Sources */ = {isa = PBXBuildFile; fileRef = B53DD27B29CD148D00B671E2 /* ContentViewModel.swift */; };
		B53DD27E29CD16CF00B671E2 /* View+Helpers.swift in Sources */ = {isa = PBXBuildFile; fileRef = B53DD27D29CD16CF00B671E2 /* View+Helpers.swift */; };
		B53DD28029CD17BA00B671E2 /* ProfileSettings.swift in Sources */ = {isa = PBXBuildFile; fileRef = B53DD27F29CD17BA00B671E2 /* ProfileSettings.swift */; };
		B54357F629C2A67E005882BD /* ExerciseDetailView.swift in Sources */ = {isa = PBXBuildFile; fileRef = B54357F529C2A67E005882BD /* ExerciseDetailView.swift */; };
		B556428129CC9344001D218C /* Workout.swift in Sources */ = {isa = PBXBuildFile; fileRef = B556428029CC9344001D218C /* Workout.swift */; };
		B556428329CC9380001D218C /* ExerciseSet.swift in Sources */ = {isa = PBXBuildFile; fileRef = B556428229CC9380001D218C /* ExerciseSet.swift */; };
		B556428629CC93B3001D218C /* ExerciseHistory.swift in Sources */ = {isa = PBXBuildFile; fileRef = B556428529CC93B3001D218C /* ExerciseHistory.swift */; };
		B556428829CC93D0001D218C /* ExerciseHistoryCell.swift in Sources */ = {isa = PBXBuildFile; fileRef = B556428729CC93D0001D218C /* ExerciseHistoryCell.swift */; };
		B556428C29CC945D001D218C /* ExerciseHistoryView.swift in Sources */ = {isa = PBXBuildFile; fileRef = B556428B29CC945D001D218C /* ExerciseHistoryView.swift */; };
		B556429029CC969E001D218C /* ExerciseDetailViewModel.swift in Sources */ = {isa = PBXBuildFile; fileRef = B556428F29CC969E001D218C /* ExerciseDetailViewModel.swift */; };
		B556429229CC977D001D218C /* ExerciseHistoryViewModel.swift in Sources */ = {isa = PBXBuildFile; fileRef = B556429129CC977D001D218C /* ExerciseHistoryViewModel.swift */; };
		B556429429CC99B2001D218C /* Color+Helpers.swift in Sources */ = {isa = PBXBuildFile; fileRef = B556429329CC99B2001D218C /* Color+Helpers.swift */; };
		B556429629CC9C09001D218C /* TabBar.swift in Sources */ = {isa = PBXBuildFile; fileRef = B556429529CC9C09001D218C /* TabBar.swift */; };
		B556429929CC9F2A001D218C /* ProfileView.swift in Sources */ = {isa = PBXBuildFile; fileRef = B556429829CC9F2A001D218C /* ProfileView.swift */; };
		B556429B29CCCC1C001D218C /* ProfileViewModel.swift in Sources */ = {isa = PBXBuildFile; fileRef = B556429A29CCCC1C001D218C /* ProfileViewModel.swift */; };
/* End PBXBuildFile section */

/* Begin PBXContainerItemProxy section */
		B50E697E29BD23B200E61C98 /* PBXContainerItemProxy */ = {
			isa = PBXContainerItemProxy;
			containerPortal = B50E696429BD23B100E61C98 /* Project object */;
			proxyType = 1;
			remoteGlobalIDString = B50E696B29BD23B200E61C98;
			remoteInfo = KomranFitBod;
		};
		B50E698829BD23B200E61C98 /* PBXContainerItemProxy */ = {
			isa = PBXContainerItemProxy;
			containerPortal = B50E696429BD23B100E61C98 /* Project object */;
			proxyType = 1;
			remoteGlobalIDString = B50E696B29BD23B200E61C98;
			remoteInfo = KomranFitBod;
		};
/* End PBXContainerItemProxy section */

/* Begin PBXFileReference section */
		B50E696C29BD23B200E61C98 /* KomranFitBod.app */ = {isa = PBXFileReference; explicitFileType = wrapper.application; includeInIndex = 0; path = KomranFitBod.app; sourceTree = BUILT_PRODUCTS_DIR; };
		B50E696F29BD23B200E61C98 /* KomranFitBodApp.swift */ = {isa = PBXFileReference; lastKnownFileType = sourcecode.swift; path = KomranFitBodApp.swift; sourceTree = "<group>"; };
		B50E697129BD23B200E61C98 /* ContentView.swift */ = {isa = PBXFileReference; lastKnownFileType = sourcecode.swift; path = ContentView.swift; sourceTree = "<group>"; };
		B50E697329BD23B200E61C98 /* Assets.xcassets */ = {isa = PBXFileReference; lastKnownFileType = folder.assetcatalog; path = Assets.xcassets; sourceTree = "<group>"; };
		B50E697529BD23B200E61C98 /* KomranFitBod.entitlements */ = {isa = PBXFileReference; lastKnownFileType = text.plist.entitlements; path = KomranFitBod.entitlements; sourceTree = "<group>"; };
		B50E697729BD23B200E61C98 /* Preview Assets.xcassets */ = {isa = PBXFileReference; lastKnownFileType = folder.assetcatalog; path = "Preview Assets.xcassets"; sourceTree = "<group>"; };
		B50E697D29BD23B200E61C98 /* KomranFitBodTests.xctest */ = {isa = PBXFileReference; explicitFileType = wrapper.cfbundle; includeInIndex = 0; path = KomranFitBodTests.xctest; sourceTree = BUILT_PRODUCTS_DIR; };
		B50E698129BD23B200E61C98 /* KomranFitBodTests.swift */ = {isa = PBXFileReference; lastKnownFileType = sourcecode.swift; path = KomranFitBodTests.swift; sourceTree = "<group>"; };
		B50E698729BD23B200E61C98 /* KomranFitBodUITests.xctest */ = {isa = PBXFileReference; explicitFileType = wrapper.cfbundle; includeInIndex = 0; path = KomranFitBodUITests.xctest; sourceTree = BUILT_PRODUCTS_DIR; };
		B50E698B29BD23B200E61C98 /* KomranFitBodUITests.swift */ = {isa = PBXFileReference; lastKnownFileType = sourcecode.swift; path = KomranFitBodUITests.swift; sourceTree = "<group>"; };
		B50E698D29BD23B200E61C98 /* KomranFitBodUITestsLaunchTests.swift */ = {isa = PBXFileReference; lastKnownFileType = sourcecode.swift; path = KomranFitBodUITestsLaunchTests.swift; sourceTree = "<group>"; };
		B50E699A29BE5B8500E61C98 /* CSVParser.swift */ = {isa = PBXFileReference; lastKnownFileType = sourcecode.swift; path = CSVParser.swift; sourceTree = "<group>"; };
		B50E699C29BE6D7D00E61C98 /* workoutData.txt */ = {isa = PBXFileReference; fileEncoding = 4; lastKnownFileType = text; path = workoutData.txt; sourceTree = "<group>"; };
		B53DD27629CD0DBD00B671E2 /* Calendar+Helpers.swift */ = {isa = PBXFileReference; lastKnownFileType = sourcecode.swift; path = "Calendar+Helpers.swift"; sourceTree = "<group>"; };
		B53DD27829CD135800B671E2 /* WeightUnit.swift */ = {isa = PBXFileReference; lastKnownFileType = sourcecode.swift; path = WeightUnit.swift; sourceTree = "<group>"; };
		B53DD27B29CD148D00B671E2 /* ContentViewModel.swift */ = {isa = PBXFileReference; lastKnownFileType = sourcecode.swift; path = ContentViewModel.swift; sourceTree = "<group>"; };
		B53DD27D29CD16CF00B671E2 /* View+Helpers.swift */ = {isa = PBXFileReference; lastKnownFileType = sourcecode.swift; path = "View+Helpers.swift"; sourceTree = "<group>"; };
		B53DD27F29CD17BA00B671E2 /* ProfileSettings.swift */ = {isa = PBXFileReference; lastKnownFileType = sourcecode.swift; path = ProfileSettings.swift; sourceTree = "<group>"; };
		B54357F529C2A67E005882BD /* ExerciseDetailView.swift */ = {isa = PBXFileReference; lastKnownFileType = sourcecode.swift; path = ExerciseDetailView.swift; sourceTree = "<group>"; };
		B556428029CC9344001D218C /* Workout.swift */ = {isa = PBXFileReference; lastKnownFileType = sourcecode.swift; path = Workout.swift; sourceTree = "<group>"; };
		B556428229CC9380001D218C /* ExerciseSet.swift */ = {isa = PBXFileReference; lastKnownFileType = sourcecode.swift; path = ExerciseSet.swift; sourceTree = "<group>"; };
		B556428529CC93B3001D218C /* ExerciseHistory.swift */ = {isa = PBXFileReference; lastKnownFileType = sourcecode.swift; path = ExerciseHistory.swift; sourceTree = "<group>"; };
		B556428729CC93D0001D218C /* ExerciseHistoryCell.swift */ = {isa = PBXFileReference; lastKnownFileType = sourcecode.swift; path = ExerciseHistoryCell.swift; sourceTree = "<group>"; };
		B556428B29CC945D001D218C /* ExerciseHistoryView.swift */ = {isa = PBXFileReference; lastKnownFileType = sourcecode.swift; path = ExerciseHistoryView.swift; sourceTree = "<group>"; };
		B556428F29CC969E001D218C /* ExerciseDetailViewModel.swift */ = {isa = PBXFileReference; lastKnownFileType = sourcecode.swift; path = ExerciseDetailViewModel.swift; sourceTree = "<group>"; };
		B556429129CC977D001D218C /* ExerciseHistoryViewModel.swift */ = {isa = PBXFileReference; lastKnownFileType = sourcecode.swift; path = ExerciseHistoryViewModel.swift; sourceTree = "<group>"; };
		B556429329CC99B2001D218C /* Color+Helpers.swift */ = {isa = PBXFileReference; lastKnownFileType = sourcecode.swift; path = "Color+Helpers.swift"; sourceTree = "<group>"; };
		B556429529CC9C09001D218C /* TabBar.swift */ = {isa = PBXFileReference; lastKnownFileType = sourcecode.swift; path = TabBar.swift; sourceTree = "<group>"; };
		B556429829CC9F2A001D218C /* ProfileView.swift */ = {isa = PBXFileReference; lastKnownFileType = sourcecode.swift; path = ProfileView.swift; sourceTree = "<group>"; };
		B556429A29CCCC1C001D218C /* ProfileViewModel.swift */ = {isa = PBXFileReference; lastKnownFileType = sourcecode.swift; path = ProfileViewModel.swift; sourceTree = "<group>"; };
/* End PBXFileReference section */

/* Begin PBXFrameworksBuildPhase section */
		B50E696929BD23B200E61C98 /* Frameworks */ = {
			isa = PBXFrameworksBuildPhase;
			buildActionMask = 2147483647;
			files = (
			);
			runOnlyForDeploymentPostprocessing = 0;
		};
		B50E697A29BD23B200E61C98 /* Frameworks */ = {
			isa = PBXFrameworksBuildPhase;
			buildActionMask = 2147483647;
			files = (
			);
			runOnlyForDeploymentPostprocessing = 0;
		};
		B50E698429BD23B200E61C98 /* Frameworks */ = {
			isa = PBXFrameworksBuildPhase;
			buildActionMask = 2147483647;
			files = (
			);
			runOnlyForDeploymentPostprocessing = 0;
		};
/* End PBXFrameworksBuildPhase section */

/* Begin PBXGroup section */
		B50E696329BD23B100E61C98 = {
			isa = PBXGroup;
			children = (
				B50E696E29BD23B200E61C98 /* KomranFitBod */,
				B50E698029BD23B200E61C98 /* KomranFitBodTests */,
				B50E698A29BD23B200E61C98 /* KomranFitBodUITests */,
				B50E696D29BD23B200E61C98 /* Products */,
			);
			sourceTree = "<group>";
		};
		B50E696D29BD23B200E61C98 /* Products */ = {
			isa = PBXGroup;
			children = (
				B50E696C29BD23B200E61C98 /* KomranFitBod.app */,
				B50E697D29BD23B200E61C98 /* KomranFitBodTests.xctest */,
				B50E698729BD23B200E61C98 /* KomranFitBodUITests.xctest */,
			);
			name = Products;
			sourceTree = "<group>";
		};
		B50E696E29BD23B200E61C98 /* KomranFitBod */ = {
			isa = PBXGroup;
			children = (
				B50E696F29BD23B200E61C98 /* KomranFitBodApp.swift */,
				B50E697129BD23B200E61C98 /* ContentView.swift */,
				B53DD27B29CD148D00B671E2 /* ContentViewModel.swift */,
				B556429529CC9C09001D218C /* TabBar.swift */,
				B556429729CC9F1D001D218C /* Profile */,
				B556428D29CC9510001D218C /* ExerciseHistory */,
				B556428E29CC952F001D218C /* ExerciseDetail */,
				B556428429CC9397001D218C /* Models */,
				B53DD27A29CD136B00B671E2 /* Utilities */,
				B50E699C29BE6D7D00E61C98 /* workoutData.txt */,
				B50E697329BD23B200E61C98 /* Assets.xcassets */,
				B50E697529BD23B200E61C98 /* KomranFitBod.entitlements */,
				B50E697629BD23B200E61C98 /* Preview Content */,
			);
			path = KomranFitBod;
			sourceTree = "<group>";
		};
		B50E697629BD23B200E61C98 /* Preview Content */ = {
			isa = PBXGroup;
			children = (
				B50E697729BD23B200E61C98 /* Preview Assets.xcassets */,
			);
			path = "Preview Content";
			sourceTree = "<group>";
		};
		B50E698029BD23B200E61C98 /* KomranFitBodTests */ = {
			isa = PBXGroup;
			children = (
				B50E698129BD23B200E61C98 /* KomranFitBodTests.swift */,
			);
			path = KomranFitBodTests;
			sourceTree = "<group>";
		};
		B50E698A29BD23B200E61C98 /* KomranFitBodUITests */ = {
			isa = PBXGroup;
			children = (
				B50E698B29BD23B200E61C98 /* KomranFitBodUITests.swift */,
				B50E698D29BD23B200E61C98 /* KomranFitBodUITestsLaunchTests.swift */,
			);
			path = KomranFitBodUITests;
			sourceTree = "<group>";
		};
		B53DD27A29CD136B00B671E2 /* Utilities */ = {
			isa = PBXGroup;
			children = (
				B50E699A29BE5B8500E61C98 /* CSVParser.swift */,
				B556429329CC99B2001D218C /* Color+Helpers.swift */,
				B53DD27629CD0DBD00B671E2 /* Calendar+Helpers.swift */,
				B53DD27D29CD16CF00B671E2 /* View+Helpers.swift */,
			);
			path = Utilities;
			sourceTree = "<group>";
		};
		B556428429CC9397001D218C /* Models */ = {
			isa = PBXGroup;
			children = (
				B556428029CC9344001D218C /* Workout.swift */,
				B556428229CC9380001D218C /* ExerciseSet.swift */,
				B556428529CC93B3001D218C /* ExerciseHistory.swift */,
				B53DD27829CD135800B671E2 /* WeightUnit.swift */,
			);
			path = Models;
			sourceTree = "<group>";
		};
		B556428D29CC9510001D218C /* ExerciseHistory */ = {
			isa = PBXGroup;
			children = (
				B556428B29CC945D001D218C /* ExerciseHistoryView.swift */,
				B556429129CC977D001D218C /* ExerciseHistoryViewModel.swift */,
				B556428729CC93D0001D218C /* ExerciseHistoryCell.swift */,
			);
			path = ExerciseHistory;
			sourceTree = "<group>";
		};
		B556428E29CC952F001D218C /* ExerciseDetail */ = {
			isa = PBXGroup;
			children = (
				B54357F529C2A67E005882BD /* ExerciseDetailView.swift */,
				B556428F29CC969E001D218C /* ExerciseDetailViewModel.swift */,
			);
			path = ExerciseDetail;
			sourceTree = "<group>";
		};
		B556429729CC9F1D001D218C /* Profile */ = {
			isa = PBXGroup;
			children = (
				B556429829CC9F2A001D218C /* ProfileView.swift */,
				B556429A29CCCC1C001D218C /* ProfileViewModel.swift */,
				B53DD27F29CD17BA00B671E2 /* ProfileSettings.swift */,
			);
			path = Profile;
			sourceTree = "<group>";
		};
/* End PBXGroup section */

/* Begin PBXNativeTarget section */
		B50E696B29BD23B200E61C98 /* KomranFitBod */ = {
			isa = PBXNativeTarget;
			buildConfigurationList = B50E699129BD23B200E61C98 /* Build configuration list for PBXNativeTarget "KomranFitBod" */;
			buildPhases = (
				B50E696829BD23B200E61C98 /* Sources */,
				B50E696929BD23B200E61C98 /* Frameworks */,
				B50E696A29BD23B200E61C98 /* Resources */,
			);
			buildRules = (
			);
			dependencies = (
			);
			name = KomranFitBod;
			productName = KomranFitBod;
			productReference = B50E696C29BD23B200E61C98 /* KomranFitBod.app */;
			productType = "com.apple.product-type.application";
		};
		B50E697C29BD23B200E61C98 /* KomranFitBodTests */ = {
			isa = PBXNativeTarget;
			buildConfigurationList = B50E699429BD23B200E61C98 /* Build configuration list for PBXNativeTarget "KomranFitBodTests" */;
			buildPhases = (
				B50E697929BD23B200E61C98 /* Sources */,
				B50E697A29BD23B200E61C98 /* Frameworks */,
				B50E697B29BD23B200E61C98 /* Resources */,
			);
			buildRules = (
			);
			dependencies = (
				B50E697F29BD23B200E61C98 /* PBXTargetDependency */,
			);
			name = KomranFitBodTests;
			productName = KomranFitBodTests;
			productReference = B50E697D29BD23B200E61C98 /* KomranFitBodTests.xctest */;
			productType = "com.apple.product-type.bundle.unit-test";
		};
		B50E698629BD23B200E61C98 /* KomranFitBodUITests */ = {
			isa = PBXNativeTarget;
			buildConfigurationList = B50E699729BD23B200E61C98 /* Build configuration list for PBXNativeTarget "KomranFitBodUITests" */;
			buildPhases = (
				B50E698329BD23B200E61C98 /* Sources */,
				B50E698429BD23B200E61C98 /* Frameworks */,
				B50E698529BD23B200E61C98 /* Resources */,
			);
			buildRules = (
			);
			dependencies = (
				B50E698929BD23B200E61C98 /* PBXTargetDependency */,
			);
			name = KomranFitBodUITests;
			productName = KomranFitBodUITests;
			productReference = B50E698729BD23B200E61C98 /* KomranFitBodUITests.xctest */;
			productType = "com.apple.product-type.bundle.ui-testing";
		};
/* End PBXNativeTarget section */

/* Begin PBXProject section */
		B50E696429BD23B100E61C98 /* Project object */ = {
			isa = PBXProject;
			attributes = {
				BuildIndependentTargetsInParallel = 1;
				LastSwiftUpdateCheck = 1420;
				LastUpgradeCheck = 1420;
				TargetAttributes = {
					B50E696B29BD23B200E61C98 = {
						CreatedOnToolsVersion = 14.2;
					};
					B50E697C29BD23B200E61C98 = {
						CreatedOnToolsVersion = 14.2;
						TestTargetID = B50E696B29BD23B200E61C98;
					};
					B50E698629BD23B200E61C98 = {
						CreatedOnToolsVersion = 14.2;
						TestTargetID = B50E696B29BD23B200E61C98;
					};
				};
			};
			buildConfigurationList = B50E696729BD23B100E61C98 /* Build configuration list for PBXProject "KomranFitBod" */;
			compatibilityVersion = "Xcode 14.0";
			developmentRegion = en;
			hasScannedForEncodings = 0;
			knownRegions = (
				en,
				Base,
			);
			mainGroup = B50E696329BD23B100E61C98;
			productRefGroup = B50E696D29BD23B200E61C98 /* Products */;
			projectDirPath = "";
			projectRoot = "";
			targets = (
				B50E696B29BD23B200E61C98 /* KomranFitBod */,
				B50E697C29BD23B200E61C98 /* KomranFitBodTests */,
				B50E698629BD23B200E61C98 /* KomranFitBodUITests */,
			);
		};
/* End PBXProject section */

/* Begin PBXResourcesBuildPhase section */
		B50E696A29BD23B200E61C98 /* Resources */ = {
			isa = PBXResourcesBuildPhase;
			buildActionMask = 2147483647;
			files = (
				B50E697829BD23B200E61C98 /* Preview Assets.xcassets in Resources */,
				B50E697429BD23B200E61C98 /* Assets.xcassets in Resources */,
				B50E699D29BE6D7D00E61C98 /* workoutData.txt in Resources */,
			);
			runOnlyForDeploymentPostprocessing = 0;
		};
		B50E697B29BD23B200E61C98 /* Resources */ = {
			isa = PBXResourcesBuildPhase;
			buildActionMask = 2147483647;
			files = (
			);
			runOnlyForDeploymentPostprocessing = 0;
		};
		B50E698529BD23B200E61C98 /* Resources */ = {
			isa = PBXResourcesBuildPhase;
			buildActionMask = 2147483647;
			files = (
			);
			runOnlyForDeploymentPostprocessing = 0;
		};
/* End PBXResourcesBuildPhase section */

/* Begin PBXSourcesBuildPhase section */
		B50E696829BD23B200E61C98 /* Sources */ = {
			isa = PBXSourcesBuildPhase;
			buildActionMask = 2147483647;
			files = (
				B556428329CC9380001D218C /* ExerciseSet.swift in Sources */,
				B556429029CC969E001D218C /* ExerciseDetailViewModel.swift in Sources */,
				B556429B29CCCC1C001D218C /* ProfileViewModel.swift in Sources */,
				B50E697229BD23B200E61C98 /* ContentView.swift in Sources */,
				B54357F629C2A67E005882BD /* ExerciseDetailView.swift in Sources */,
				B556428629CC93B3001D218C /* ExerciseHistory.swift in Sources */,
				B50E697029BD23B200E61C98 /* KomranFitBodApp.swift in Sources */,
				B556428129CC9344001D218C /* Workout.swift in Sources */,
				B556429429CC99B2001D218C /* Color+Helpers.swift in Sources */,
				B53DD27C29CD148D00B671E2 /* ContentViewModel.swift in Sources */,
				B53DD27E29CD16CF00B671E2 /* View+Helpers.swift in Sources */,
				B53DD27729CD0DBD00B671E2 /* Calendar+Helpers.swift in Sources */,
				B556428829CC93D0001D218C /* ExerciseHistoryCell.swift in Sources */,
				B556429629CC9C09001D218C /* TabBar.swift in Sources */,
				B50E699B29BE5B8500E61C98 /* CSVParser.swift in Sources */,
				B53DD27929CD135800B671E2 /* WeightUnit.swift in Sources */,
				B556428C29CC945D001D218C /* ExerciseHistoryView.swift in Sources */,
				B556429929CC9F2A001D218C /* ProfileView.swift in Sources */,
				B53DD28029CD17BA00B671E2 /* ProfileSettings.swift in Sources */,
				B556429229CC977D001D218C /* ExerciseHistoryViewModel.swift in Sources */,
			);
			runOnlyForDeploymentPostprocessing = 0;
		};
		B50E697929BD23B200E61C98 /* Sources */ = {
			isa = PBXSourcesBuildPhase;
			buildActionMask = 2147483647;
			files = (
				B50E698229BD23B200E61C98 /* KomranFitBodTests.swift in Sources */,
			);
			runOnlyForDeploymentPostprocessing = 0;
		};
		B50E698329BD23B200E61C98 /* Sources */ = {
			isa = PBXSourcesBuildPhase;
			buildActionMask = 2147483647;
			files = (
				B50E698E29BD23B200E61C98 /* KomranFitBodUITestsLaunchTests.swift in Sources */,
				B50E698C29BD23B200E61C98 /* KomranFitBodUITests.swift in Sources */,
			);
			runOnlyForDeploymentPostprocessing = 0;
		};
/* End PBXSourcesBuildPhase section */

/* Begin PBXTargetDependency section */
		B50E697F29BD23B200E61C98 /* PBXTargetDependency */ = {
			isa = PBXTargetDependency;
			target = B50E696B29BD23B200E61C98 /* KomranFitBod */;
			targetProxy = B50E697E29BD23B200E61C98 /* PBXContainerItemProxy */;
		};
		B50E698929BD23B200E61C98 /* PBXTargetDependency */ = {
			isa = PBXTargetDependency;
			target = B50E696B29BD23B200E61C98 /* KomranFitBod */;
			targetProxy = B50E698829BD23B200E61C98 /* PBXContainerItemProxy */;
		};
/* End PBXTargetDependency section */

/* Begin XCBuildConfiguration section */
		B50E698F29BD23B200E61C98 /* Debug */ = {
			isa = XCBuildConfiguration;
			buildSettings = {
				ALWAYS_SEARCH_USER_PATHS = NO;
				CLANG_ANALYZER_NONNULL = YES;
				CLANG_ANALYZER_NUMBER_OBJECT_CONVERSION = YES_AGGRESSIVE;
				CLANG_CXX_LANGUAGE_STANDARD = "gnu++20";
				CLANG_ENABLE_MODULES = YES;
				CLANG_ENABLE_OBJC_ARC = YES;
				CLANG_ENABLE_OBJC_WEAK = YES;
				CLANG_WARN_BLOCK_CAPTURE_AUTORELEASING = YES;
				CLANG_WARN_BOOL_CONVERSION = YES;
				CLANG_WARN_COMMA = YES;
				CLANG_WARN_CONSTANT_CONVERSION = YES;
				CLANG_WARN_DEPRECATED_OBJC_IMPLEMENTATIONS = YES;
				CLANG_WARN_DIRECT_OBJC_ISA_USAGE = YES_ERROR;
				CLANG_WARN_DOCUMENTATION_COMMENTS = YES;
				CLANG_WARN_EMPTY_BODY = YES;
				CLANG_WARN_ENUM_CONVERSION = YES;
				CLANG_WARN_INFINITE_RECURSION = YES;
				CLANG_WARN_INT_CONVERSION = YES;
				CLANG_WARN_NON_LITERAL_NULL_CONVERSION = YES;
				CLANG_WARN_OBJC_IMPLICIT_RETAIN_SELF = YES;
				CLANG_WARN_OBJC_LITERAL_CONVERSION = YES;
				CLANG_WARN_OBJC_ROOT_CLASS = YES_ERROR;
				CLANG_WARN_QUOTED_INCLUDE_IN_FRAMEWORK_HEADER = YES;
				CLANG_WARN_RANGE_LOOP_ANALYSIS = YES;
				CLANG_WARN_STRICT_PROTOTYPES = YES;
				CLANG_WARN_SUSPICIOUS_MOVE = YES;
				CLANG_WARN_UNGUARDED_AVAILABILITY = YES_AGGRESSIVE;
				CLANG_WARN_UNREACHABLE_CODE = YES;
				CLANG_WARN__DUPLICATE_METHOD_MATCH = YES;
				COPY_PHASE_STRIP = NO;
				DEBUG_INFORMATION_FORMAT = dwarf;
				ENABLE_STRICT_OBJC_MSGSEND = YES;
				ENABLE_TESTABILITY = YES;
				GCC_C_LANGUAGE_STANDARD = gnu11;
				GCC_DYNAMIC_NO_PIC = NO;
				GCC_NO_COMMON_BLOCKS = YES;
				GCC_OPTIMIZATION_LEVEL = 0;
				GCC_PREPROCESSOR_DEFINITIONS = (
					"DEBUG=1",
					"$(inherited)",
				);
				GCC_WARN_64_TO_32_BIT_CONVERSION = YES;
				GCC_WARN_ABOUT_RETURN_TYPE = YES_ERROR;
				GCC_WARN_UNDECLARED_SELECTOR = YES;
				GCC_WARN_UNINITIALIZED_AUTOS = YES_AGGRESSIVE;
				GCC_WARN_UNUSED_FUNCTION = YES;
				GCC_WARN_UNUSED_VARIABLE = YES;
				MTL_ENABLE_DEBUG_INFO = INCLUDE_SOURCE;
				MTL_FAST_MATH = YES;
				ONLY_ACTIVE_ARCH = YES;
				SWIFT_ACTIVE_COMPILATION_CONDITIONS = DEBUG;
				SWIFT_OPTIMIZATION_LEVEL = "-Onone";
			};
			name = Debug;
		};
		B50E699029BD23B200E61C98 /* Release */ = {
			isa = XCBuildConfiguration;
			buildSettings = {
				ALWAYS_SEARCH_USER_PATHS = NO;
				CLANG_ANALYZER_NONNULL = YES;
				CLANG_ANALYZER_NUMBER_OBJECT_CONVERSION = YES_AGGRESSIVE;
				CLANG_CXX_LANGUAGE_STANDARD = "gnu++20";
				CLANG_ENABLE_MODULES = YES;
				CLANG_ENABLE_OBJC_ARC = YES;
				CLANG_ENABLE_OBJC_WEAK = YES;
				CLANG_WARN_BLOCK_CAPTURE_AUTORELEASING = YES;
				CLANG_WARN_BOOL_CONVERSION = YES;
				CLANG_WARN_COMMA = YES;
				CLANG_WARN_CONSTANT_CONVERSION = YES;
				CLANG_WARN_DEPRECATED_OBJC_IMPLEMENTATIONS = YES;
				CLANG_WARN_DIRECT_OBJC_ISA_USAGE = YES_ERROR;
				CLANG_WARN_DOCUMENTATION_COMMENTS = YES;
				CLANG_WARN_EMPTY_BODY = YES;
				CLANG_WARN_ENUM_CONVERSION = YES;
				CLANG_WARN_INFINITE_RECURSION = YES;
				CLANG_WARN_INT_CONVERSION = YES;
				CLANG_WARN_NON_LITERAL_NULL_CONVERSION = YES;
				CLANG_WARN_OBJC_IMPLICIT_RETAIN_SELF = YES;
				CLANG_WARN_OBJC_LITERAL_CONVERSION = YES;
				CLANG_WARN_OBJC_ROOT_CLASS = YES_ERROR;
				CLANG_WARN_QUOTED_INCLUDE_IN_FRAMEWORK_HEADER = YES;
				CLANG_WARN_RANGE_LOOP_ANALYSIS = YES;
				CLANG_WARN_STRICT_PROTOTYPES = YES;
				CLANG_WARN_SUSPICIOUS_MOVE = YES;
				CLANG_WARN_UNGUARDED_AVAILABILITY = YES_AGGRESSIVE;
				CLANG_WARN_UNREACHABLE_CODE = YES;
				CLANG_WARN__DUPLICATE_METHOD_MATCH = YES;
				COPY_PHASE_STRIP = NO;
				DEBUG_INFORMATION_FORMAT = "dwarf-with-dsym";
				ENABLE_NS_ASSERTIONS = NO;
				ENABLE_STRICT_OBJC_MSGSEND = YES;
				GCC_C_LANGUAGE_STANDARD = gnu11;
				GCC_NO_COMMON_BLOCKS = YES;
				GCC_WARN_64_TO_32_BIT_CONVERSION = YES;
				GCC_WARN_ABOUT_RETURN_TYPE = YES_ERROR;
				GCC_WARN_UNDECLARED_SELECTOR = YES;
				GCC_WARN_UNINITIALIZED_AUTOS = YES_AGGRESSIVE;
				GCC_WARN_UNUSED_FUNCTION = YES;
				GCC_WARN_UNUSED_VARIABLE = YES;
				MTL_ENABLE_DEBUG_INFO = NO;
				MTL_FAST_MATH = YES;
				SWIFT_COMPILATION_MODE = wholemodule;
				SWIFT_OPTIMIZATION_LEVEL = "-O";
			};
			name = Release;
		};
		B50E699229BD23B200E61C98 /* Debug */ = {
			isa = XCBuildConfiguration;
			buildSettings = {
				ASSETCATALOG_COMPILER_APPICON_NAME = AppIcon;
				ASSETCATALOG_COMPILER_GLOBAL_ACCENT_COLOR_NAME = AccentColor;
				CODE_SIGN_ENTITLEMENTS = KomranFitBod/KomranFitBod.entitlements;
				CODE_SIGN_STYLE = Automatic;
				CURRENT_PROJECT_VERSION = 1;
				DEVELOPMENT_ASSET_PATHS = "\"KomranFitBod/Preview Content\"";
				DEVELOPMENT_TEAM = G23SDK69HF;
				ENABLE_HARDENED_RUNTIME = YES;
				ENABLE_PREVIEWS = YES;
				GENERATE_INFOPLIST_FILE = YES;
				"INFOPLIST_KEY_UIApplicationSceneManifest_Generation[sdk=iphoneos*]" = YES;
				"INFOPLIST_KEY_UIApplicationSceneManifest_Generation[sdk=iphonesimulator*]" = YES;
				"INFOPLIST_KEY_UIApplicationSupportsIndirectInputEvents[sdk=iphoneos*]" = YES;
				"INFOPLIST_KEY_UIApplicationSupportsIndirectInputEvents[sdk=iphonesimulator*]" = YES;
				"INFOPLIST_KEY_UILaunchScreen_Generation[sdk=iphoneos*]" = YES;
				"INFOPLIST_KEY_UILaunchScreen_Generation[sdk=iphonesimulator*]" = YES;
				"INFOPLIST_KEY_UIStatusBarStyle[sdk=iphoneos*]" = UIStatusBarStyleDefault;
				"INFOPLIST_KEY_UIStatusBarStyle[sdk=iphonesimulator*]" = UIStatusBarStyleDefault;
				INFOPLIST_KEY_UISupportedInterfaceOrientations_iPad = "UIInterfaceOrientationPortrait UIInterfaceOrientationPortraitUpsideDown UIInterfaceOrientationLandscapeLeft UIInterfaceOrientationLandscapeRight";
				INFOPLIST_KEY_UISupportedInterfaceOrientations_iPhone = "UIInterfaceOrientationPortrait UIInterfaceOrientationLandscapeLeft UIInterfaceOrientationLandscapeRight";
				IPHONEOS_DEPLOYMENT_TARGET = 16.2;
				LD_RUNPATH_SEARCH_PATHS = "@executable_path/Frameworks";
				"LD_RUNPATH_SEARCH_PATHS[sdk=macosx*]" = "@executable_path/../Frameworks";
				MACOSX_DEPLOYMENT_TARGET = 13.1;
				MARKETING_VERSION = 1.0;
				PRODUCT_BUNDLE_IDENTIFIER = komran.KomranFitBod;
				PRODUCT_NAME = "$(TARGET_NAME)";
				SDKROOT = auto;
				SUPPORTED_PLATFORMS = "iphoneos iphonesimulator macosx";
				SWIFT_EMIT_LOC_STRINGS = YES;
				SWIFT_VERSION = 5.0;
				TARGETED_DEVICE_FAMILY = "1,2";
			};
			name = Debug;
		};
		B50E699329BD23B200E61C98 /* Release */ = {
			isa = XCBuildConfiguration;
			buildSettings = {
				ASSETCATALOG_COMPILER_APPICON_NAME = AppIcon;
				ASSETCATALOG_COMPILER_GLOBAL_ACCENT_COLOR_NAME = AccentColor;
				CODE_SIGN_ENTITLEMENTS = KomranFitBod/KomranFitBod.entitlements;
				CODE_SIGN_STYLE = Automatic;
				CURRENT_PROJECT_VERSION = 1;
				DEVELOPMENT_ASSET_PATHS = "\"KomranFitBod/Preview Content\"";
				DEVELOPMENT_TEAM = G23SDK69HF;
				ENABLE_HARDENED_RUNTIME = YES;
				ENABLE_PREVIEWS = YES;
				GENERATE_INFOPLIST_FILE = YES;
				"INFOPLIST_KEY_UIApplicationSceneManifest_Generation[sdk=iphoneos*]" = YES;
				"INFOPLIST_KEY_UIApplicationSceneManifest_Generation[sdk=iphonesimulator*]" = YES;
				"INFOPLIST_KEY_UIApplicationSupportsIndirectInputEvents[sdk=iphoneos*]" = YES;
				"INFOPLIST_KEY_UIApplicationSupportsIndirectInputEvents[sdk=iphonesimulator*]" = YES;
				"INFOPLIST_KEY_UILaunchScreen_Generation[sdk=iphoneos*]" = YES;
				"INFOPLIST_KEY_UILaunchScreen_Generation[sdk=iphonesimulator*]" = YES;
				"INFOPLIST_KEY_UIStatusBarStyle[sdk=iphoneos*]" = UIStatusBarStyleDefault;
				"INFOPLIST_KEY_UIStatusBarStyle[sdk=iphonesimulator*]" = UIStatusBarStyleDefault;
				INFOPLIST_KEY_UISupportedInterfaceOrientations_iPad = "UIInterfaceOrientationPortrait UIInterfaceOrientationPortraitUpsideDown UIInterfaceOrientationLandscapeLeft UIInterfaceOrientationLandscapeRight";
				INFOPLIST_KEY_UISupportedInterfaceOrientations_iPhone = "UIInterfaceOrientationPortrait UIInterfaceOrientationLandscapeLeft UIInterfaceOrientationLandscapeRight";
				IPHONEOS_DEPLOYMENT_TARGET = 16.2;
				LD_RUNPATH_SEARCH_PATHS = "@executable_path/Frameworks";
				"LD_RUNPATH_SEARCH_PATHS[sdk=macosx*]" = "@executable_path/../Frameworks";
				MACOSX_DEPLOYMENT_TARGET = 13.1;
				MARKETING_VERSION = 1.0;
				PRODUCT_BUNDLE_IDENTIFIER = komran.KomranFitBod;
				PRODUCT_NAME = "$(TARGET_NAME)";
				SDKROOT = auto;
				SUPPORTED_PLATFORMS = "iphoneos iphonesimulator macosx";
				SWIFT_EMIT_LOC_STRINGS = YES;
				SWIFT_VERSION = 5.0;
				TARGETED_DEVICE_FAMILY = "1,2";
			};
			name = Release;
		};
		B50E699529BD23B200E61C98 /* Debug */ = {
			isa = XCBuildConfiguration;
			buildSettings = {
				ALWAYS_EMBED_SWIFT_STANDARD_LIBRARIES = YES;
				BUNDLE_LOADER = "$(TEST_HOST)";
				CODE_SIGN_STYLE = Automatic;
				CURRENT_PROJECT_VERSION = 1;
				DEVELOPMENT_TEAM = G23SDK69HF;
				GENERATE_INFOPLIST_FILE = YES;
				IPHONEOS_DEPLOYMENT_TARGET = 16.2;
				MACOSX_DEPLOYMENT_TARGET = 13.1;
				MARKETING_VERSION = 1.0;
				PRODUCT_BUNDLE_IDENTIFIER = komran.KomranFitBodTests;
				PRODUCT_NAME = "$(TARGET_NAME)";
				SDKROOT = auto;
				SUPPORTED_PLATFORMS = "iphoneos iphonesimulator macosx";
				SWIFT_EMIT_LOC_STRINGS = NO;
				SWIFT_VERSION = 5.0;
				TARGETED_DEVICE_FAMILY = "1,2";
				TEST_HOST = "$(BUILT_PRODUCTS_DIR)/KomranFitBod.app/$(BUNDLE_EXECUTABLE_FOLDER_PATH)/KomranFitBod";
			};
			name = Debug;
		};
		B50E699629BD23B200E61C98 /* Release */ = {
			isa = XCBuildConfiguration;
			buildSettings = {
				ALWAYS_EMBED_SWIFT_STANDARD_LIBRARIES = YES;
				BUNDLE_LOADER = "$(TEST_HOST)";
				CODE_SIGN_STYLE = Automatic;
				CURRENT_PROJECT_VERSION = 1;
				DEVELOPMENT_TEAM = G23SDK69HF;
				GENERATE_INFOPLIST_FILE = YES;
				IPHONEOS_DEPLOYMENT_TARGET = 16.2;
				MACOSX_DEPLOYMENT_TARGET = 13.1;
				MARKETING_VERSION = 1.0;
				PRODUCT_BUNDLE_IDENTIFIER = komran.KomranFitBodTests;
				PRODUCT_NAME = "$(TARGET_NAME)";
				SDKROOT = auto;
				SUPPORTED_PLATFORMS = "iphoneos iphonesimulator macosx";
				SWIFT_EMIT_LOC_STRINGS = NO;
				SWIFT_VERSION = 5.0;
				TARGETED_DEVICE_FAMILY = "1,2";
				TEST_HOST = "$(BUILT_PRODUCTS_DIR)/KomranFitBod.app/$(BUNDLE_EXECUTABLE_FOLDER_PATH)/KomranFitBod";
			};
			name = Release;
		};
		B50E699829BD23B200E61C98 /* Debug */ = {
			isa = XCBuildConfiguration;
			buildSettings = {
				ALWAYS_EMBED_SWIFT_STANDARD_LIBRARIES = YES;
				CODE_SIGN_STYLE = Automatic;
				CURRENT_PROJECT_VERSION = 1;
				DEVELOPMENT_TEAM = G23SDK69HF;
				GENERATE_INFOPLIST_FILE = YES;
				IPHONEOS_DEPLOYMENT_TARGET = 16.2;
				MACOSX_DEPLOYMENT_TARGET = 13.1;
				MARKETING_VERSION = 1.0;
				PRODUCT_BUNDLE_IDENTIFIER = komran.KomranFitBodUITests;
				PRODUCT_NAME = "$(TARGET_NAME)";
				SDKROOT = auto;
				SUPPORTED_PLATFORMS = "iphoneos iphonesimulator macosx";
				SWIFT_EMIT_LOC_STRINGS = NO;
				SWIFT_VERSION = 5.0;
				TARGETED_DEVICE_FAMILY = "1,2";
				TEST_TARGET_NAME = KomranFitBod;
			};
			name = Debug;
		};
		B50E699929BD23B200E61C98 /* Release */ = {
			isa = XCBuildConfiguration;
			buildSettings = {
				ALWAYS_EMBED_SWIFT_STANDARD_LIBRARIES = YES;
				CODE_SIGN_STYLE = Automatic;
				CURRENT_PROJECT_VERSION = 1;
				DEVELOPMENT_TEAM = G23SDK69HF;
				GENERATE_INFOPLIST_FILE = YES;
				IPHONEOS_DEPLOYMENT_TARGET = 16.2;
				MACOSX_DEPLOYMENT_TARGET = 13.1;
				MARKETING_VERSION = 1.0;
				PRODUCT_BUNDLE_IDENTIFIER = komran.KomranFitBodUITests;
				PRODUCT_NAME = "$(TARGET_NAME)";
				SDKROOT = auto;
				SUPPORTED_PLATFORMS = "iphoneos iphonesimulator macosx";
				SWIFT_EMIT_LOC_STRINGS = NO;
				SWIFT_VERSION = 5.0;
				TARGETED_DEVICE_FAMILY = "1,2";
				TEST_TARGET_NAME = KomranFitBod;
			};
			name = Release;
		};
/* End XCBuildConfiguration section */

/* Begin XCConfigurationList section */
		B50E696729BD23B100E61C98 /* Build configuration list for PBXProject "KomranFitBod" */ = {
			isa = XCConfigurationList;
			buildConfigurations = (
				B50E698F29BD23B200E61C98 /* Debug */,
				B50E699029BD23B200E61C98 /* Release */,
			);
			defaultConfigurationIsVisible = 0;
			defaultConfigurationName = Release;
		};
		B50E699129BD23B200E61C98 /* Build configuration list for PBXNativeTarget "KomranFitBod" */ = {
			isa = XCConfigurationList;
			buildConfigurations = (
				B50E699229BD23B200E61C98 /* Debug */,
				B50E699329BD23B200E61C98 /* Release */,
			);
			defaultConfigurationIsVisible = 0;
			defaultConfigurationName = Release;
		};
		B50E699429BD23B200E61C98 /* Build configuration list for PBXNativeTarget "KomranFitBodTests" */ = {
			isa = XCConfigurationList;
			buildConfigurations = (
				B50E699529BD23B200E61C98 /* Debug */,
				B50E699629BD23B200E61C98 /* Release */,
			);
			defaultConfigurationIsVisible = 0;
			defaultConfigurationName = Release;
		};
		B50E699729BD23B200E61C98 /* Build configuration list for PBXNativeTarget "KomranFitBodUITests" */ = {
			isa = XCConfigurationList;
			buildConfigurations = (
				B50E699829BD23B200E61C98 /* Debug */,
				B50E699929BD23B200E61C98 /* Release */,
			);
			defaultConfigurationIsVisible = 0;
			defaultConfigurationName = Release;
		};
/* End XCConfigurationList section */
	};
	rootObject = B50E696429BD23B100E61C98 /* Project object */;
}
